github.com/MukhortovDenis/gopostcss_parser v1.0.2 h1:GSWuqUoqwY+4OIZkNbuvJjMjRmlrEEIykHUz6i48BwY=
github.com/MukhortovDenis/gopostcss_parser v1.0.2/go.mod h1:AV5/m0B1cVVIq2sO3/cH/k5dVCngOOHUlTLrYV3VJpg=
github.com/MukhortovDenis/gopostcss_parser v1.0.3 h1:IrHSsiWc1EUPJGmBGa2YVL1B9CRPTSCEaVSMyew/52A=
github.com/MukhortovDenis/gopostcss_parser v1.0.3/go.mod h1:AV5/m0B1cVVIq2sO3/cH/k5dVCngOOHUlTLrYV3VJpg=
